
Microsoft Visual Studio Solution File, Format Version 12.00
# Visual Studio Version 17
VisualStudioVersion = 17.13.35825.156 d17.13
MinimumVisualStudioVersion = 10.0.40219.1
Project("{FAE04EC0-301F-11D3-BF4B-00C04F79EFBC}") = "Data", "Data.csproj", "{A1EF5894-DDDA-46E3-96FD-E7DE8A13CBBD}"
EndProject
Global
	GlobalSection(SolutionConfigurationPlatforms) = preSolution
		Debug|Any CPU = Debug|Any CPU
		Release|Any CPU = Release|Any CPU
	EndGlobalSection
	GlobalSection(ProjectConfigurationPlatforms) = postSolution
		{A1EF5894-DDDA-46E3-96FD-E7DE8A13CBBD}.Debug|Any CPU.ActiveCfg = Debug|Any CPU
		{A1EF5894-DDDA-46E3-96FD-E7DE8A13CBBD}.Debug|Any CPU.Build.0 = Debug|Any CPU
		{A1EF5894-DDDA-46E3-96FD-E7DE8A13CBBD}.Release|Any CPU.ActiveCfg = Release|Any CPU
		{A1EF5894-DDDA-46E3-96FD-E7DE8A13CBBD}.Release|Any CPU.Build.0 = Release|Any CPU
	EndGlobalSection
	GlobalSection(SolutionProperties) = preSolution
		HideSolutionNode = FALSE
	EndGlobalSection
	GlobalSection(ExtensibilityGlobals) = postSolution
		SolutionGuid = {0B8FD090-5AB0-497C-94AE-6A0E42B5384F}
	EndGlobalSection
EndGlobal
