
Microsoft Visual Studio Solution File, Format Version 12.00
# Visual Studio Version 17
VisualStudioVersion = 17.13.35825.156 d17.13
MinimumVisualStudioVersion = 10.0.40219.1
Project("{FAE04EC0-301F-11D3-BF4B-00C04F79EFBC}") = "Model", "Model.csproj", "{03EDF185-1672-45D2-A9F2-6F224D341D8F}"
EndProject
Global
	GlobalSection(SolutionConfigurationPlatforms) = preSolution
		Debug|Any CPU = Debug|Any CPU
		Release|Any CPU = Release|Any CPU
	EndGlobalSection
	GlobalSection(ProjectConfigurationPlatforms) = postSolution
		{03EDF185-1672-45D2-A9F2-6F224D341D8F}.Debug|Any CPU.ActiveCfg = Debug|Any CPU
		{03EDF185-1672-45D2-A9F2-6F224D341D8F}.Debug|Any CPU.Build.0 = Debug|Any CPU
		{03EDF185-1672-45D2-A9F2-6F224D341D8F}.Release|Any CPU.ActiveCfg = Release|Any CPU
		{03EDF185-1672-45D2-A9F2-6F224D341D8F}.Release|Any CPU.Build.0 = Release|Any CPU
	EndGlobalSection
	GlobalSection(SolutionProperties) = preSolution
		HideSolutionNode = FALSE
	EndGlobalSection
	GlobalSection(ExtensibilityGlobals) = postSolution
		SolutionGuid = {6AA04A91-BD8A-45AD-912C-AF0A95ED5BDB}
	EndGlobalSection
EndGlobal
