
Microsoft Visual Studio Solution File, Format Version 12.00
# Visual Studio Version 17
VisualStudioVersion = 17.0.31903.59
MinimumVisualStudioVersion = 10.0.40219.1
Project("{FAE04EC0-301F-11D3-BF4B-00C04F79EFBC}") = "Data", "Data\Data.csproj", "{AE8E2E54-CA0B-F6F5-0102-F79722AD1421}"
EndProject
Project("{FAE04EC0-301F-11D3-BF4B-00C04F79EFBC}") = "DataTest", "DataTest\DataTest.csproj", "{B7E52050-B358-40BB-804D-4EE57C7762FA}"
EndProject
Project("{FAE04EC0-301F-11D3-BF4B-00C04F79EFBC}") = "Logic", "Logic\Logic.csproj", "{8C823C04-518D-7F5D-DC1B-2C502C583C95}"
EndProject
Project("{FAE04EC0-301F-11D3-BF4B-00C04F79EFBC}") = "LogicTest", "LogicTest\LogicTest.csproj", "{B56FD3EF-0F1C-4021-AA30-594E58EBBC2F}"
EndProject
Project("{FAE04EC0-301F-11D3-BF4B-00C04F79EFBC}") = "Model", "Model\Model.csproj", "{B4923625-668A-95CB-F92E-EAD08FFFA065}"
EndProject
Project("{FAE04EC0-301F-11D3-BF4B-00C04F79EFBC}") = "View", "View\View.csproj", "{2AEA85C2-17E5-4143-852A-98896F099A13}"
EndProject
Project("{FAE04EC0-301F-11D3-BF4B-00C04F79EFBC}") = "ViewModel", "ViewModel\ViewModel.csproj", "{F099EF83-E570-F1A7-D403-3F0F186F11BD}"
EndProject
Global
	GlobalSection(SolutionConfigurationPlatforms) = preSolution
		Debug|Any CPU = Debug|Any CPU
		Release|Any CPU = Release|Any CPU
	EndGlobalSection
	GlobalSection(ProjectConfigurationPlatforms) = postSolution
		{AE8E2E54-CA0B-F6F5-0102-F79722AD1421}.Debug|Any CPU.ActiveCfg = Debug|Any CPU
		{AE8E2E54-CA0B-F6F5-0102-F79722AD1421}.Debug|Any CPU.Build.0 = Debug|Any CPU
		{AE8E2E54-CA0B-F6F5-0102-F79722AD1421}.Release|Any CPU.ActiveCfg = Release|Any CPU
		{AE8E2E54-CA0B-F6F5-0102-F79722AD1421}.Release|Any CPU.Build.0 = Release|Any CPU
		{B7E52050-B358-40BB-804D-4EE57C7762FA}.Debug|Any CPU.ActiveCfg = Debug|Any CPU
		{B7E52050-B358-40BB-804D-4EE57C7762FA}.Debug|Any CPU.Build.0 = Debug|Any CPU
		{B7E52050-B358-40BB-804D-4EE57C7762FA}.Release|Any CPU.ActiveCfg = Release|Any CPU
		{B7E52050-B358-40BB-804D-4EE57C7762FA}.Release|Any CPU.Build.0 = Release|Any CPU
		{8C823C04-518D-7F5D-DC1B-2C502C583C95}.Debug|Any CPU.ActiveCfg = Debug|Any CPU
		{8C823C04-518D-7F5D-DC1B-2C502C583C95}.Debug|Any CPU.Build.0 = Debug|Any CPU
		{8C823C04-518D-7F5D-DC1B-2C502C583C95}.Release|Any CPU.ActiveCfg = Release|Any CPU
		{8C823C04-518D-7F5D-DC1B-2C502C583C95}.Release|Any CPU.Build.0 = Release|Any CPU
		{B56FD3EF-0F1C-4021-AA30-594E58EBBC2F}.Debug|Any CPU.ActiveCfg = Debug|Any CPU
		{B56FD3EF-0F1C-4021-AA30-594E58EBBC2F}.Debug|Any CPU.Build.0 = Debug|Any CPU
		{B56FD3EF-0F1C-4021-AA30-594E58EBBC2F}.Release|Any CPU.ActiveCfg = Release|Any CPU
		{B56FD3EF-0F1C-4021-AA30-594E58EBBC2F}.Release|Any CPU.Build.0 = Release|Any CPU
		{B4923625-668A-95CB-F92E-EAD08FFFA065}.Debug|Any CPU.ActiveCfg = Debug|Any CPU
		{B4923625-668A-95CB-F92E-EAD08FFFA065}.Debug|Any CPU.Build.0 = Debug|Any CPU
		{B4923625-668A-95CB-F92E-EAD08FFFA065}.Release|Any CPU.ActiveCfg = Release|Any CPU
		{B4923625-668A-95CB-F92E-EAD08FFFA065}.Release|Any CPU.Build.0 = Release|Any CPU
		{2AEA85C2-17E5-4143-852A-98896F099A13}.Debug|Any CPU.ActiveCfg = Debug|Any CPU
		{2AEA85C2-17E5-4143-852A-98896F099A13}.Debug|Any CPU.Build.0 = Debug|Any CPU
		{2AEA85C2-17E5-4143-852A-98896F099A13}.Release|Any CPU.ActiveCfg = Release|Any CPU
		{2AEA85C2-17E5-4143-852A-98896F099A13}.Release|Any CPU.Build.0 = Release|Any CPU
		{F099EF83-E570-F1A7-D403-3F0F186F11BD}.Debug|Any CPU.ActiveCfg = Debug|Any CPU
		{F099EF83-E570-F1A7-D403-3F0F186F11BD}.Debug|Any CPU.Build.0 = Debug|Any CPU
		{F099EF83-E570-F1A7-D403-3F0F186F11BD}.Release|Any CPU.ActiveCfg = Release|Any CPU
		{F099EF83-E570-F1A7-D403-3F0F186F11BD}.Release|Any CPU.Build.0 = Release|Any CPU
	EndGlobalSection
	GlobalSection(SolutionProperties) = preSolution
		HideSolutionNode = FALSE
	EndGlobalSection
EndGlobal
